
Microsoft Visual Studio Solution File, Format Version 12.00
# Visual Studio Version 17
VisualStudioVersion = 17.8.34330.188
MinimumVisualStudioVersion = 10.0.40219.1
Project("{FAE04EC0-301F-11D3-BF4B-00C04F79EFBC}") = "deneme78", "deneme78\deneme78.csproj", "{AC8832A5-68D9-41AC-A76C-266E4163CB47}"
EndProject
Global
	GlobalSection(SolutionConfigurationPlatforms) = preSolution
		Debug|Any CPU = Debug|Any CPU
		Release|Any CPU = Release|Any CPU
	EndGlobalSection
	GlobalSection(ProjectConfigurationPlatforms) = postSolution
		{AC8832A5-68D9-41AC-A76C-266E4163CB47}.Debug|Any CPU.ActiveCfg = Debug|Any CPU
		{AC8832A5-68D9-41AC-A76C-266E4163CB47}.Debug|Any CPU.Build.0 = Debug|Any CPU
		{AC8832A5-68D9-41AC-A76C-266E4163CB47}.Release|Any CPU.ActiveCfg = Release|Any CPU
		{AC8832A5-68D9-41AC-A76C-266E4163CB47}.Release|Any CPU.Build.0 = Release|Any CPU
	EndGlobalSection
	GlobalSection(SolutionProperties) = preSolution
		HideSolutionNode = FALSE
	EndGlobalSection
	GlobalSection(ExtensibilityGlobals) = postSolution
		SolutionGuid = {025D4EE2-F210-4264-B6E3-A09C64CF32F6}
	EndGlobalSection
EndGlobal
